{
  "name": "components",
  "version": "0.0.1",
  "lockfileVersion": 1,
  "requires": true,
  "dependencies": {
    "subsink": {
      "version": "1.0.2",
      "resolved": "https://registry.npmjs.org/subsink/-/subsink-1.0.2.tgz",
      "integrity": "sha512-QFL2oKaA6jVai82dcF0/SIKHNrKJO/wAiHBw9CG576+eBzeg+lZmpG63Tvajx3yg05Hf9ZIZ+zroJutj3hvLNQ=="
    }
  }
}
